<?xml version="1.0" encoding="utf-8"?>
<Project ToolsVersion="4.0" xmlns="http://schemas.microsoft.com/developer/msbuild/2003">
  <ItemGroup>
    <Filter Include="Source Files">
      <UniqueIdentifier>{4FC737F1-C7A5-4376-A066-2A32D752A2FF}</UniqueIdentifier>
      <Extensions>cpp;c;cc;cxx;def;odl;idl;hpj;bat;asm;asmx</Extensions>
    </Filter>
    <Filter Include="Buffer">
      <UniqueIdentifier>{8a89b053-21ce-4e1c-ab90-1bc2b1aeac8a}</UniqueIdentifier>
    </Filter>
    <Filter Include="Cuda">
      <UniqueIdentifier>{601aafdd-95db-416b-9cc7-a703255f0bec}</UniqueIdentifier>
    </Filter>
    <Filter Include="Rekursiv">
      <UniqueIdentifier>{906e0cc3-216f-481d-be2b-110000ba9a8e}</UniqueIdentifier>
    </Filter>
    <Filter Include="Utilities">
      <UniqueIdentifier>{f8f6788a-49ff-47e3-9ee0-1245972e66de}</UniqueIdentifier>
    </Filter>
    <Filter Include="Thrust">
      <UniqueIdentifier>{0cc418f5-7b4a-47ff-82ee-5682cc53ee50}</UniqueIdentifier>
    </Filter>
    <Filter Include="MultiGPU">
      <UniqueIdentifier>{6c7149b3-459e-4e1a-84c4-1310730b5f7c}</UniqueIdentifier>
    </Filter>
    <Filter Include="Mandelbrot">
      <UniqueIdentifier>{dd728105-14f9-4fc6-a9a1-b2650fd726d9}</UniqueIdentifier>
    </Filter>
    <Filter Include="Map">
      <UniqueIdentifier>{93995380-89BD-4b04-88EB-625FBE52EBFB}</UniqueIdentifier>
      <Extensions>h;hh;hpp;hxx;hm;inl;inc;xsd</Extensions>
    </Filter>
  </ItemGroup>
  <ItemGroup>
    <ClCompile Include="Main.cpp">
      <Filter>Source Files</Filter>
    </ClCompile>
    <ClCompile Include="HostBuffer.cpp">
      <Filter>Buffer</Filter>
    </ClCompile>
    <ClCompile Include="DeviceBuffer.cpp">
      <Filter>Buffer</Filter>
    </ClCompile>
    <ClCompile Include="PinnedBuffer.cpp">
      <Filter>Buffer</Filter>
    </ClCompile>
    <ClCompile Include="CudaUtilities.cpp">
      <Filter>Cuda</Filter>
    </ClCompile>
    <ClCompile Include="CudaExecConfig.cpp">
      <Filter>Cuda</Filter>
    </ClCompile>
    <ClCompile Include="node.cpp">
      <Filter>Rekursiv</Filter>
    </ClCompile>
    <ClCompile Include="OSUtilities.cpp">
      <Filter>Utilities</Filter>
    </ClCompile>
    <ClCompile Include="Mandelbrot.cpp">
      <Filter>Mandelbrot</Filter>
    </ClCompile>
    <ClCompile Include="MandelbrotBenchmark.cpp">
      <Filter>Mandelbrot</Filter>
    </ClCompile>
    <ClCompile Include="MandelbrotCPU.cpp">
      <Filter>Mandelbrot</Filter>
    </ClCompile>
    <ClCompile Include="BenchmarkUtilities.cpp">
      <Filter>Utilities</Filter>
    </ClCompile>
    <ClCompile Include="FunctionCaller.cpp">
      <Filter>Source Files</Filter>
    </ClCompile>
    <ClCompile Include="Instances.cpp">
      <Filter>Map</Filter>
    </ClCompile>
    <ClCompile Include="BufferPair.cpp">
      <Filter>Buffer</Filter>
    </ClCompile>
    <ClCompile Include="while_find_host.cpp">
      <Filter>Rekursiv</Filter>
    </ClCompile>
  </ItemGroup>
  <ItemGroup>
    <ClInclude Include="PinnedBuffer.h">
      <Filter>Buffer</Filter>
    </ClInclude>
    <ClInclude Include="HostBuffer.h">
      <Filter>Buffer</Filter>
    </ClInclude>
    <ClInclude Include="DeviceBuffer.h">
      <Filter>Buffer</Filter>
    </ClInclude>
    <ClInclude Include="CudaUtilities.h">
      <Filter>Cuda</Filter>
    </ClInclude>
    <ClInclude Include="CudaExecConfig.h">
      <Filter>Cuda</Filter>
    </ClInclude>
    <ClInclude Include="CudaException.h">
      <Filter>Cuda</Filter>
    </ClInclude>
    <ClInclude Include="BaseBuffer.h">
      <Filter>Buffer</Filter>
    </ClInclude>
    <ClInclude Include="Extent.h">
      <Filter>Source Files</Filter>
    </ClInclude>
    <ClInclude Include="Beispiele.h">
      <Filter>Source Files</Filter>
    </ClInclude>
    <ClInclude Include="node.h">
      <Filter>Rekursiv</Filter>
    </ClInclude>
    <ClInclude Include="recursive_find.h">
      <Filter>Rekursiv</Filter>
    </ClInclude>
    <ClInclude Include="while_find.h">
      <Filter>Rekursiv</Filter>
    </ClInclude>
    <ClInclude Include="AddFunctor.h">
      <Filter>Map</Filter>
    </ClInclude>
    <ClInclude Include="IdFunctor.h">
      <Filter>Map</Filter>
    </ClInclude>
    <ClInclude Include="ITimer.h">
      <Filter>Utilities</Filter>
    </ClInclude>
    <ClInclude Include="WinTimer.h">
      <Filter>Utilities</Filter>
    </ClInclude>
    <ClInclude Include="Timer.h">
      <Filter>Utilities</Filter>
    </ClInclude>
    <ClInclude Include="CudaTimer.h">
      <Filter>Utilities</Filter>
    </ClInclude>
    <ClInclude Include="OSUtilities.h">
      <Filter>Utilities</Filter>
    </ClInclude>
    <ClInclude Include="ThrustUtilities.h">
      <Filter>Thrust</Filter>
    </ClInclude>
    <ClInclude Include="NestedExtent.h">
      <Filter>Source Files</Filter>
    </ClInclude>
    <ClInclude Include="Partition.h">
      <Filter>MultiGPU</Filter>
    </ClInclude>
    <ClInclude Include="Partitions.h">
      <Filter>MultiGPU</Filter>
    </ClInclude>
    <ClInclude Include="Mandelbrot.h">
      <Filter>Mandelbrot</Filter>
    </ClInclude>
    <ClInclude Include="Rectangle.h">
      <Filter>Mandelbrot</Filter>
    </ClInclude>
    <ClInclude Include="thrust_map_beispiel.h">
      <Filter>Thrust</Filter>
    </ClInclude>
    <ClInclude Include="MandelbrotBenchmark.h">
      <Filter>Mandelbrot</Filter>
    </ClInclude>
    <ClInclude Include="MandelbrotCPU.h">
      <Filter>Mandelbrot</Filter>
    </ClInclude>
    <ClInclude Include="BenchmarkUtilities.h">
      <Filter>Utilities</Filter>
    </ClInclude>
    <ClInclude Include="C11Timer.h">
      <Filter>Utilities</Filter>
    </ClInclude>
    <ClInclude Include="Defs.h">
      <Filter>Utilities</Filter>
    </ClInclude>
    <ClInclude Include="Function.h">
      <Filter>Source Files</Filter>
    </ClInclude>
    <ClInclude Include="FunctionCaller.h">
      <Filter>Source Files</Filter>
    </ClInclude>
    <ClInclude Include="TreeBenchmark.h">
      <Filter>Rekursiv</Filter>
    </ClInclude>
    <ClInclude Include="recursive_kernel.h">
      <Filter>Rekursiv</Filter>
    </ClInclude>
    <ClInclude Include="Map.h">
      <Filter>Map</Filter>
    </ClInclude>
    <ClInclude Include="MapBenchmark.h">
      <Filter>Map</Filter>
    </ClInclude>
    <ClInclude Include="BufferPair.h">
      <Filter>Buffer</Filter>
    </ClInclude>
  </ItemGroup>
  <ItemGroup>
    <CudaCompile Include="recursive_kernel.cu">
      <Filter>Rekursiv</Filter>
    </CudaCompile>
    <CudaCompile Include="recursive_find.cu">
      <Filter>Rekursiv</Filter>
    </CudaCompile>
    <CudaCompile Include="while_find.cu">
      <Filter>Rekursiv</Filter>
    </CudaCompile>
    <CudaCompile Include="thrust_map_beispiel.cu">
      <Filter>Thrust</Filter>
    </CudaCompile>
    <CudaCompile Include="multi_gpu.cu">
      <Filter>MultiGPU</Filter>
    </CudaCompile>
    <CudaCompile Include="cuda_mandelbrot.cu">
      <Filter>Mandelbrot</Filter>
    </CudaCompile>
    <CudaCompile Include="MandelbrotBenchmark.cu">
      <Filter>Mandelbrot</Filter>
    </CudaCompile>
    <CudaCompile Include="TreeBenchmark.cu">
      <Filter>Rekursiv</Filter>
    </CudaCompile>
    <CudaCompile Include="Map.cu">
      <Filter>Map</Filter>
    </CudaCompile>
    <CudaCompile Include="MapBenchmark.cu">
      <Filter>Map</Filter>
    </CudaCompile>
  </ItemGroup>
</Project>